
Microsoft Visual Studio Solution File, Format Version 12.00
# Visual Studio Version 16
VisualStudioVersion = 16.0.29926.136
MinimumVisualStudioVersion = 10.0.40219.1
Project("{FAE04EC0-301F-11D3-BF4B-00C04F79EFBC}") = "WPF Galery", "WPF Galery\WPF Galery.csproj", "{12FE248F-8CDE-47E0-B1E2-6791B8F457F8}"
EndProject
Global
	GlobalSection(SolutionConfigurationPlatforms) = preSolution
		Debug|Any CPU = Debug|Any CPU
		Release|Any CPU = Release|Any CPU
	EndGlobalSection
	GlobalSection(ProjectConfigurationPlatforms) = postSolution
		{12FE248F-8CDE-47E0-B1E2-6791B8F457F8}.Debug|Any CPU.ActiveCfg = Debug|Any CPU
		{12FE248F-8CDE-47E0-B1E2-6791B8F457F8}.Debug|Any CPU.Build.0 = Debug|Any CPU
		{12FE248F-8CDE-47E0-B1E2-6791B8F457F8}.Release|Any CPU.ActiveCfg = Release|Any CPU
		{12FE248F-8CDE-47E0-B1E2-6791B8F457F8}.Release|Any CPU.Build.0 = Release|Any CPU
	EndGlobalSection
	GlobalSection(SolutionProperties) = preSolution
		HideSolutionNode = FALSE
	EndGlobalSection
	GlobalSection(ExtensibilityGlobals) = postSolution
		SolutionGuid = {2DCECEE1-0779-440D-A2F5-47D971352EF9}
	EndGlobalSection
EndGlobal
